// !$*UTF8*$!
{
	archiveVersion = 1;
	classes = {
	};
	objectVersion = 50;
	objects = {

/* Begin PBXBuildFile section */
		25761B1426FA52D400E8C784 /* AppDelegate.swift in Sources */ = {isa = PBXBuildFile; fileRef = 25761B1326FA52D400E8C784 /* AppDelegate.swift */; };
		25761B1626FA52D400E8C784 /* SceneDelegate.swift in Sources */ = {isa = PBXBuildFile; fileRef = 25761B1526FA52D400E8C784 /* SceneDelegate.swift */; };
		25761B1826FA52D400E8C784 /* ViewController.swift in Sources */ = {isa = PBXBuildFile; fileRef = 25761B1726FA52D400E8C784 /* ViewController.swift */; };
		25761B1B26FA52D400E8C784 /* Main.storyboard in Resources */ = {isa = PBXBuildFile; fileRef = 25761B1926FA52D400E8C784 /* Main.storyboard */; };
		25761B1D26FA52D500E8C784 /* Assets.xcassets in Resources */ = {isa = PBXBuildFile; fileRef = 25761B1C26FA52D500E8C784 /* Assets.xcassets */; };
		25761B2026FA52D500E8C784 /* LaunchScreen.storyboard in Resources */ = {isa = PBXBuildFile; fileRef = 25761B1E26FA52D500E8C784 /* LaunchScreen.storyboard */; };
		25761B2B26FA52D500E8C784 /* FlixTests.swift in Sources */ = {isa = PBXBuildFile; fileRef = 25761B2A26FA52D500E8C784 /* FlixTests.swift */; };
		25761B3626FA52D500E8C784 /* FlixUITests.swift in Sources */ = {isa = PBXBuildFile; fileRef = 25761B3526FA52D500E8C784 /* FlixUITests.swift */; };
/* End PBXBuildFile section */

/* Begin PBXContainerItemProxy section */
		25761B2726FA52D500E8C784 /* PBXContainerItemProxy */ = {
			isa = PBXContainerItemProxy;
			containerPortal = 25761B0826FA52D400E8C784 /* Project object */;
			proxyType = 1;
			remoteGlobalIDString = 25761B0F26FA52D400E8C784;
			remoteInfo = Flix;
		};
		25761B3226FA52D500E8C784 /* PBXContainerItemProxy */ = {
			isa = PBXContainerItemProxy;
			containerPortal = 25761B0826FA52D400E8C784 /* Project object */;
			proxyType = 1;
			remoteGlobalIDString = 25761B0F26FA52D400E8C784;
			remoteInfo = Flix;
		};
/* End PBXContainerItemProxy section */

/* Begin PBXFileReference section */
		25761B1026FA52D400E8C784 /* Flix.app */ = {isa = PBXFileReference; explicitFileType = wrapper.application; includeInIndex = 0; path = Flix.app; sourceTree = BUILT_PRODUCTS_DIR; };
		25761B1326FA52D400E8C784 /* AppDelegate.swift */ = {isa = PBXFileReference; lastKnownFileType = sourcecode.swift; path = AppDelegate.swift; sourceTree = "<group>"; };
		25761B1526FA52D400E8C784 /* SceneDelegate.swift */ = {isa = PBXFileReference; lastKnownFileType = sourcecode.swift; path = SceneDelegate.swift; sourceTree = "<group>"; };
		25761B1726FA52D400E8C784 /* ViewController.swift */ = {isa = PBXFileReference; lastKnownFileType = sourcecode.swift; path = ViewController.swift; sourceTree = "<group>"; };
		25761B1A26FA52D400E8C784 /* Base */ = {isa = PBXFileReference; lastKnownFileType = file.storyboard; name = Base; path = Base.lproj/Main.storyboard; sourceTree = "<group>"; };
		25761B1C26FA52D500E8C784 /* Assets.xcassets */ = {isa = PBXFileReference; lastKnownFileType = folder.assetcatalog; path = Assets.xcassets; sourceTree = "<group>"; };
		25761B1F26FA52D500E8C784 /* Base */ = {isa = PBXFileReference; lastKnownFileType = file.storyboard; name = Base; path = Base.lproj/LaunchScreen.storyboard; sourceTree = "<group>"; };
		25761B2126FA52D500E8C784 /* Info.plist */ = {isa = PBXFileReference; lastKnownFileType = text.plist.xml; path = Info.plist; sourceTree = "<group>"; };
		25761B2626FA52D500E8C784 /* FlixTests.xctest */ = {isa = PBXFileReference; explicitFileType = wrapper.cfbundle; includeInIndex = 0; path = FlixTests.xctest; sourceTree = BUILT_PRODUCTS_DIR; };
		25761B2A26FA52D500E8C784 /* FlixTests.swift */ = {isa = PBXFileReference; lastKnownFileType = sourcecode.swift; path = FlixTests.swift; sourceTree = "<group>"; };
		25761B2C26FA52D500E8C784 /* Info.plist */ = {isa = PBXFileReference; lastKnownFileType = text.plist.xml; path = Info.plist; sourceTree = "<group>"; };
		25761B3126FA52D500E8C784 /* FlixUITests.xctest */ = {isa = PBXFileReference; explicitFileType = wrapper.cfbundle; includeInIndex = 0; path = FlixUITests.xctest; sourceTree = BUILT_PRODUCTS_DIR; };
		25761B3526FA52D500E8C784 /* FlixUITests.swift */ = {isa = PBXFileReference; lastKnownFileType = sourcecode.swift; path = FlixUITests.swift; sourceTree = "<group>"; };
		25761B3726FA52D500E8C784 /* Info.plist */ = {isa = PBXFileReference; lastKnownFileType = text.plist.xml; path = Info.plist; sourceTree = "<group>"; };
/* End PBXFileReference section */

/* Begin PBXFrameworksBuildPhase section */
		25761B0D26FA52D400E8C784 /* Frameworks */ = {
			isa = PBXFrameworksBuildPhase;
			buildActionMask = 2147483647;
			files = (
			);
			runOnlyForDeploymentPostprocessing = 0;
		};
		25761B2326FA52D500E8C784 /* Frameworks */ = {
			isa = PBXFrameworksBuildPhase;
			buildActionMask = 2147483647;
			files = (
			);
			runOnlyForDeploymentPostprocessing = 0;
		};
		25761B2E26FA52D500E8C784 /* Frameworks */ = {
			isa = PBXFrameworksBuildPhase;
			buildActionMask = 2147483647;
			files = (
			);
			runOnlyForDeploymentPostprocessing = 0;
		};
/* End PBXFrameworksBuildPhase section */

/* Begin PBXGroup section */
		25761B0726FA52D400E8C784 = {
			isa = PBXGroup;
			children = (
				25761B1226FA52D400E8C784 /* Flix */,
				25761B2926FA52D500E8C784 /* FlixTests */,
				25761B3426FA52D500E8C784 /* FlixUITests */,
				25761B1126FA52D400E8C784 /* Products */,
			);
			sourceTree = "<group>";
		};
		25761B1126FA52D400E8C784 /* Products */ = {
			isa = PBXGroup;
			children = (
				25761B1026FA52D400E8C784 /* Flix.app */,
				25761B2626FA52D500E8C784 /* FlixTests.xctest */,
				25761B3126FA52D500E8C784 /* FlixUITests.xctest */,
			);
			name = Products;
			sourceTree = "<group>";
		};
		25761B1226FA52D400E8C784 /* Flix */ = {
			isa = PBXGroup;
			children = (
				25761B1326FA52D400E8C784 /* AppDelegate.swift */,
				25761B1526FA52D400E8C784 /* SceneDelegate.swift */,
				25761B1726FA52D400E8C784 /* ViewController.swift */,
				25761B1926FA52D400E8C784 /* Main.storyboard */,
				25761B1C26FA52D500E8C784 /* Assets.xcassets */,
				25761B1E26FA52D500E8C784 /* LaunchScreen.storyboard */,
				25761B2126FA52D500E8C784 /* Info.plist */,
			);
			path = Flix;
			sourceTree = "<group>";
		};
		25761B2926FA52D500E8C784 /* FlixTests */ = {
			isa = PBXGroup;
			children = (
				25761B2A26FA52D500E8C784 /* FlixTests.swift */,
				25761B2C26FA52D500E8C784 /* Info.plist */,
			);
			path = FlixTests;
			sourceTree = "<group>";
		};
		25761B3426FA52D500E8C784 /* FlixUITests */ = {
			isa = PBXGroup;
			children = (
				25761B3526FA52D500E8C784 /* FlixUITests.swift */,
				25761B3726FA52D500E8C784 /* Info.plist */,
			);
			path = FlixUITests;
			sourceTree = "<group>";
		};
/* End PBXGroup section */

/* Begin PBXNativeTarget section */
		25761B0F26FA52D400E8C784 /* Flix */ = {
			isa = PBXNativeTarget;
			buildConfigurationList = 25761B3A26FA52D500E8C784 /* Build configuration list for PBXNativeTarget "Flix" */;
			buildPhases = (
				25761B0C26FA52D400E8C784 /* Sources */,
				25761B0D26FA52D400E8C784 /* Frameworks */,
				25761B0E26FA52D400E8C784 /* Resources */,
			);
			buildRules = (
			);
			dependencies = (
			);
			name = Flix;
			productName = Flix;
			productReference = 25761B1026FA52D400E8C784 /* Flix.app */;
			productType = "com.apple.product-type.application";
		};
		25761B2526FA52D500E8C784 /* FlixTests */ = {
			isa = PBXNativeTarget;
			buildConfigurationList = 25761B3D26FA52D500E8C784 /* Build configuration list for PBXNativeTarget "FlixTests" */;
			buildPhases = (
				25761B2226FA52D500E8C784 /* Sources */,
				25761B2326FA52D500E8C784 /* Frameworks */,
				25761B2426FA52D500E8C784 /* Resources */,
			);
			buildRules = (
			);
			dependencies = (
				25761B2826FA52D500E8C784 /* PBXTargetDependency */,
			);
			name = FlixTests;
			productName = FlixTests;
			productReference = 25761B2626FA52D500E8C784 /* FlixTests.xctest */;
			productType = "com.apple.product-type.bundle.unit-test";
		};
		25761B3026FA52D500E8C784 /* FlixUITests */ = {
			isa = PBXNativeTarget;
			buildConfigurationList = 25761B4026FA52D500E8C784 /* Build configuration list for PBXNativeTarget "FlixUITests" */;
			buildPhases = (
				25761B2D26FA52D500E8C784 /* Sources */,
				25761B2E26FA52D500E8C784 /* Frameworks */,
				25761B2F26FA52D500E8C784 /* Resources */,
			);
			buildRules = (
			);
			dependencies = (
				25761B3326FA52D500E8C784 /* PBXTargetDependency */,
			);
			name = FlixUITests;
			productName = FlixUITests;
			productReference = 25761B3126FA52D500E8C784 /* FlixUITests.xctest */;
			productType = "com.apple.product-type.bundle.ui-testing";
		};
/* End PBXNativeTarget section */

/* Begin PBXProject section */
		25761B0826FA52D400E8C784 /* Project object */ = {
			isa = PBXProject;
			attributes = {
				LastSwiftUpdateCheck = 1250;
				LastUpgradeCheck = 1250;
				TargetAttributes = {
					25761B0F26FA52D400E8C784 = {
						CreatedOnToolsVersion = 12.5.1;
					};
					25761B2526FA52D500E8C784 = {
						CreatedOnToolsVersion = 12.5.1;
						TestTargetID = 25761B0F26FA52D400E8C784;
					};
					25761B3026FA52D500E8C784 = {
						CreatedOnToolsVersion = 12.5.1;
						TestTargetID = 25761B0F26FA52D400E8C784;
					};
				};
			};
			buildConfigurationList = 25761B0B26FA52D400E8C784 /* Build configuration list for PBXProject "Flix" */;
			compatibilityVersion = "Xcode 9.3";
			developmentRegion = en;
			hasScannedForEncodings = 0;
			knownRegions = (
				en,
				Base,
			);
			mainGroup = 25761B0726FA52D400E8C784;
			productRefGroup = 25761B1126FA52D400E8C784 /* Products */;
			projectDirPath = "";
			projectRoot = "";
			targets = (
				25761B0F26FA52D400E8C784 /* Flix */,
				25761B2526FA52D500E8C784 /* FlixTests */,
				25761B3026FA52D500E8C784 /* FlixUITests */,
			);
		};
/* End PBXProject section */

/* Begin PBXResourcesBuildPhase section */
		25761B0E26FA52D400E8C784 /* Resources */ = {
			isa = PBXResourcesBuildPhase;
			buildActionMask = 2147483647;
			files = (
				25761B2026FA52D500E8C784 /* LaunchScreen.storyboard in Resources */,
				25761B1D26FA52D500E8C784 /* Assets.xcassets in Resources */,
				25761B1B26FA52D400E8C784 /* Main.storyboard in Resources */,
			);
			runOnlyForDeploymentPostprocessing = 0;
		};
		25761B2426FA52D500E8C784 /* Resources */ = {
			isa = PBXResourcesBuildPhase;
			buildActionMask = 2147483647;
			files = (
			);
			runOnlyForDeploymentPostprocessing = 0;
		};
		25761B2F26FA52D500E8C784 /* Resources */ = {
			isa = PBXResourcesBuildPhase;
			buildActionMask = 2147483647;
			files = (
			);
			runOnlyForDeploymentPostprocessing = 0;
		};
/* End PBXResourcesBuildPhase section */

/* Begin PBXSourcesBuildPhase section */
		25761B0C26FA52D400E8C784 /* Sources */ = {
			isa = PBXSourcesBuildPhase;
			buildActionMask = 2147483647;
			files = (
				25761B1826FA52D400E8C784 /* ViewController.swift in Sources */,
				25761B1426FA52D400E8C784 /* AppDelegate.swift in Sources */,
				25761B1626FA52D400E8C784 /* SceneDelegate.swift in Sources */,
			);
			runOnlyForDeploymentPostprocessing = 0;
		};
		25761B2226FA52D500E8C784 /* Sources */ = {
			isa = PBXSourcesBuildPhase;
			buildActionMask = 2147483647;
			files = (
				25761B2B26FA52D500E8C784 /* FlixTests.swift in Sources */,
			);
			runOnlyForDeploymentPostprocessing = 0;
		};
		25761B2D26FA52D500E8C784 /* Sources */ = {
			isa = PBXSourcesBuildPhase;
			buildActionMask = 2147483647;
			files = (
				25761B3626FA52D500E8C784 /* FlixUITests.swift in Sources */,
			);
			runOnlyForDeploymentPostprocessing = 0;
		};
/* End PBXSourcesBuildPhase section */

/* Begin PBXTargetDependency section */
		25761B2826FA52D500E8C784 /* PBXTargetDependency */ = {
			isa = PBXTargetDependency;
			target = 25761B0F26FA52D400E8C784 /* Flix */;
			targetProxy = 25761B2726FA52D500E8C784 /* PBXContainerItemProxy */;
		};
		25761B3326FA52D500E8C784 /* PBXTargetDependency */ = {
			isa = PBXTargetDependency;
			target = 25761B0F26FA52D400E8C784 /* Flix */;
			targetProxy = 25761B3226FA52D500E8C784 /* PBXContainerItemProxy */;
		};
/* End PBXTargetDependency section */

/* Begin PBXVariantGroup section */
		25761B1926FA52D400E8C784 /* Main.storyboard */ = {
			isa = PBXVariantGroup;
			children = (
				25761B1A26FA52D400E8C784 /* Base */,
			);
			name = Main.storyboard;
			sourceTree = "<group>";
		};
		25761B1E26FA52D500E8C784 /* LaunchScreen.storyboard */ = {
			isa = PBXVariantGroup;
			children = (
				25761B1F26FA52D500E8C784 /* Base */,
			);
			name = LaunchScreen.storyboard;
			sourceTree = "<group>";
		};
/* End PBXVariantGroup section */

/* Begin XCBuildConfiguration section */
		25761B3826FA52D500E8C784 /* Debug */ = {
			isa = XCBuildConfiguration;
			buildSettings = {
				ALWAYS_SEARCH_USER_PATHS = NO;
				CLANG_ANALYZER_NONNULL = YES;
				CLANG_ANALYZER_NUMBER_OBJECT_CONVERSION = YES_AGGRESSIVE;
				CLANG_CXX_LANGUAGE_STANDARD = "gnu++14";
				CLANG_CXX_LIBRARY = "libc++";
				CLANG_ENABLE_MODULES = YES;
				CLANG_ENABLE_OBJC_ARC = YES;
				CLANG_ENABLE_OBJC_WEAK = YES;
				CLANG_WARN_BLOCK_CAPTURE_AUTORELEASING = YES;
				CLANG_WARN_BOOL_CONVERSION = YES;
				CLANG_WARN_COMMA = YES;
				CLANG_WARN_CONSTANT_CONVERSION = YES;
				CLANG_WARN_DEPRECATED_OBJC_IMPLEMENTATIONS = YES;
				CLANG_WARN_DIRECT_OBJC_ISA_USAGE = YES_ERROR;
				CLANG_WARN_DOCUMENTATION_COMMENTS = YES;
				CLANG_WARN_EMPTY_BODY = YES;
				CLANG_WARN_ENUM_CONVERSION = YES;
				CLANG_WARN_INFINITE_RECURSION = YES;
				CLANG_WARN_INT_CONVERSION = YES;
				CLANG_WARN_NON_LITERAL_NULL_CONVERSION = YES;
				CLANG_WARN_OBJC_IMPLICIT_RETAIN_SELF = YES;
				CLANG_WARN_OBJC_LITERAL_CONVERSION = YES;
				CLANG_WARN_OBJC_ROOT_CLASS = YES_ERROR;
				CLANG_WARN_QUOTED_INCLUDE_IN_FRAMEWORK_HEADER = YES;
				CLANG_WARN_RANGE_LOOP_ANALYSIS = YES;
				CLANG_WARN_STRICT_PROTOTYPES = YES;
				CLANG_WARN_SUSPICIOUS_MOVE = YES;
				CLANG_WARN_UNGUARDED_AVAILABILITY = YES_AGGRESSIVE;
				CLANG_WARN_UNREACHABLE_CODE = YES;
				CLANG_WARN__DUPLICATE_METHOD_MATCH = YES;
				COPY_PHASE_STRIP = NO;
				DEBUG_INFORMATION_FORMAT = dwarf;
				ENABLE_STRICT_OBJC_MSGSEND = YES;
				ENABLE_TESTABILITY = YES;
				GCC_C_LANGUAGE_STANDARD = gnu11;
				GCC_DYNAMIC_NO_PIC = NO;
				GCC_NO_COMMON_BLOCKS = YES;
				GCC_OPTIMIZATION_LEVEL = 0;
				GCC_PREPROCESSOR_DEFINITIONS = (
					"DEBUG=1",
					"$(inherited)",
				);
				GCC_WARN_64_TO_32_BIT_CONVERSION = YES;
				GCC_WARN_ABOUT_RETURN_TYPE = YES_ERROR;
				GCC_WARN_UNDECLARED_SELECTOR = YES;
				GCC_WARN_UNINITIALIZED_AUTOS = YES_AGGRESSIVE;
				GCC_WARN_UNUSED_FUNCTION = YES;
				GCC_WARN_UNUSED_VARIABLE = YES;
				IPHONEOS_DEPLOYMENT_TARGET = 14.5;
				MTL_ENABLE_DEBUG_INFO = INCLUDE_SOURCE;
				MTL_FAST_MATH = YES;
				ONLY_ACTIVE_ARCH = YES;
				SDKROOT = iphoneos;
				SWIFT_ACTIVE_COMPILATION_CONDITIONS = DEBUG;
				SWIFT_OPTIMIZATION_LEVEL = "-Onone";
			};
			name = Debug;
		};
		25761B3926FA52D500E8C784 /* Release */ = {
			isa = XCBuildConfiguration;
			buildSettings = {
				ALWAYS_SEARCH_USER_PATHS = NO;
				CLANG_ANALYZER_NONNULL = YES;
				CLANG_ANALYZER_NUMBER_OBJECT_CONVERSION = YES_AGGRESSIVE;
				CLANG_CXX_LANGUAGE_STANDARD = "gnu++14";
				CLANG_CXX_LIBRARY = "libc++";
				CLANG_ENABLE_MODULES = YES;
				CLANG_ENABLE_OBJC_ARC = YES;
				CLANG_ENABLE_OBJC_WEAK = YES;
				CLANG_WARN_BLOCK_CAPTURE_AUTORELEASING = YES;
				CLANG_WARN_BOOL_CONVERSION = YES;
				CLANG_WARN_COMMA = YES;
				CLANG_WARN_CONSTANT_CONVERSION = YES;
				CLANG_WARN_DEPRECATED_OBJC_IMPLEMENTATIONS = YES;
				CLANG_WARN_DIRECT_OBJC_ISA_USAGE = YES_ERROR;
				CLANG_WARN_DOCUMENTATION_COMMENTS = YES;
				CLANG_WARN_EMPTY_BODY = YES;
				CLANG_WARN_ENUM_CONVERSION = YES;
				CLANG_WARN_INFINITE_RECURSION = YES;
				CLANG_WARN_INT_CONVERSION = YES;
				CLANG_WARN_NON_LITERAL_NULL_CONVERSION = YES;
				CLANG_WARN_OBJC_IMPLICIT_RETAIN_SELF = YES;
				CLANG_WARN_OBJC_LITERAL_CONVERSION = YES;
				CLANG_WARN_OBJC_ROOT_CLASS = YES_ERROR;
				CLANG_WARN_QUOTED_INCLUDE_IN_FRAMEWORK_HEADER = YES;
				CLANG_WARN_RANGE_LOOP_ANALYSIS = YES;
				CLANG_WARN_STRICT_PROTOTYPES = YES;
				CLANG_WARN_SUSPICIOUS_MOVE = YES;
				CLANG_WARN_UNGUARDED_AVAILABILITY = YES_AGGRESSIVE;
				CLANG_WARN_UNREACHABLE_CODE = YES;
				CLANG_WARN__DUPLICATE_METHOD_MATCH = YES;
				COPY_PHASE_STRIP = NO;
				DEBUG_INFORMATION_FORMAT = "dwarf-with-dsym";
				ENABLE_NS_ASSERTIONS = NO;
				ENABLE_STRICT_OBJC_MSGSEND = YES;
				GCC_C_LANGUAGE_STANDARD = gnu11;
				GCC_NO_COMMON_BLOCKS = YES;
				GCC_WARN_64_TO_32_BIT_CONVERSION = YES;
				GCC_WARN_ABOUT_RETURN_TYPE = YES_ERROR;
				GCC_WARN_UNDECLARED_SELECTOR = YES;
				GCC_WARN_UNINITIALIZED_AUTOS = YES_AGGRESSIVE;
				GCC_WARN_UNUSED_FUNCTION = YES;
				GCC_WARN_UNUSED_VARIABLE = YES;
				IPHONEOS_DEPLOYMENT_TARGET = 14.5;
				MTL_ENABLE_DEBUG_INFO = NO;
				MTL_FAST_MATH = YES;
				SDKROOT = iphoneos;
				SWIFT_COMPILATION_MODE = wholemodule;
				SWIFT_OPTIMIZATION_LEVEL = "-O";
				VALIDATE_PRODUCT = YES;
			};
			name = Release;
		};
		25761B3B26FA52D500E8C784 /* Debug */ = {
			isa = XCBuildConfiguration;
			buildSettings = {
				ASSETCATALOG_COMPILER_APPICON_NAME = AppIcon;
				ASSETCATALOG_COMPILER_GLOBAL_ACCENT_COLOR_NAME = AccentColor;
				CODE_SIGN_STYLE = Automatic;
				DEVELOPMENT_TEAM = 44WS9DF88G;
				INFOPLIST_FILE = Flix/Info.plist;
				LD_RUNPATH_SEARCH_PATHS = (
					"$(inherited)",
					"@executable_path/Frameworks",
				);
				PRODUCT_BUNDLE_IDENTIFIER = com.Castanomorenoj.Flix;
				PRODUCT_NAME = "$(TARGET_NAME)";
				SWIFT_VERSION = 5.0;
				TARGETED_DEVICE_FAMILY = "1,2";
			};
			name = Debug;
		};
		25761B3C26FA52D500E8C784 /* Release */ = {
			isa = XCBuildConfiguration;
			buildSettings = {
				ASSETCATALOG_COMPILER_APPICON_NAME = AppIcon;
				ASSETCATALOG_COMPILER_GLOBAL_ACCENT_COLOR_NAME = AccentColor;
				CODE_SIGN_STYLE = Automatic;
				DEVELOPMENT_TEAM = 44WS9DF88G;
				INFOPLIST_FILE = Flix/Info.plist;
				LD_RUNPATH_SEARCH_PATHS = (
					"$(inherited)",
					"@executable_path/Frameworks",
				);
				PRODUCT_BUNDLE_IDENTIFIER = com.Castanomorenoj.Flix;
				PRODUCT_NAME = "$(TARGET_NAME)";
				SWIFT_VERSION = 5.0;
				TARGETED_DEVICE_FAMILY = "1,2";
			};
			name = Release;
		};
		25761B3E26FA52D500E8C784 /* Debug */ = {
			isa = XCBuildConfiguration;
			buildSettings = {
				ALWAYS_EMBED_SWIFT_STANDARD_LIBRARIES = YES;
				BUNDLE_LOADER = "$(TEST_HOST)";
				CODE_SIGN_STYLE = Automatic;
				DEVELOPMENT_TEAM = 44WS9DF88G;
				INFOPLIST_FILE = FlixTests/Info.plist;
				IPHONEOS_DEPLOYMENT_TARGET = 14.5;
				LD_RUNPATH_SEARCH_PATHS = (
					"$(inherited)",
					"@executable_path/Frameworks",
					"@loader_path/Frameworks",
				);
				PRODUCT_BUNDLE_IDENTIFIER = com.Castanomorenoj.FlixTests;
				PRODUCT_NAME = "$(TARGET_NAME)";
				SWIFT_VERSION = 5.0;
				TARGETED_DEVICE_FAMILY = "1,2";
				TEST_HOST = "$(BUILT_PRODUCTS_DIR)/Flix.app/Flix";
			};
			name = Debug;
		};
		25761B3F26FA52D500E8C784 /* Release */ = {
			isa = XCBuildConfiguration;
			buildSettings = {
				ALWAYS_EMBED_SWIFT_STANDARD_LIBRARIES = YES;
				BUNDLE_LOADER = "$(TEST_HOST)";
				CODE_SIGN_STYLE = Automatic;
				DEVELOPMENT_TEAM = 44WS9DF88G;
				INFOPLIST_FILE = FlixTests/Info.plist;
				IPHONEOS_DEPLOYMENT_TARGET = 14.5;
				LD_RUNPATH_SEARCH_PATHS = (
					"$(inherited)",
					"@executable_path/Frameworks",
					"@loader_path/Frameworks",
				);
				PRODUCT_BUNDLE_IDENTIFIER = com.Castanomorenoj.FlixTests;
				PRODUCT_NAME = "$(TARGET_NAME)";
				SWIFT_VERSION = 5.0;
				TARGETED_DEVICE_FAMILY = "1,2";
				TEST_HOST = "$(BUILT_PRODUCTS_DIR)/Flix.app/Flix";
			};
			name = Release;
		};
		25761B4126FA52D500E8C784 /* Debug */ = {
			isa = XCBuildConfiguration;
			buildSettings = {
				ALWAYS_EMBED_SWIFT_STANDARD_LIBRARIES = YES;
				CODE_SIGN_STYLE = Automatic;
				DEVELOPMENT_TEAM = 44WS9DF88G;
				INFOPLIST_FILE = FlixUITests/Info.plist;
				LD_RUNPATH_SEARCH_PATHS = (
					"$(inherited)",
					"@executable_path/Frameworks",
					"@loader_path/Frameworks",
				);
				PRODUCT_BUNDLE_IDENTIFIER = com.Castanomorenoj.FlixUITests;
				PRODUCT_NAME = "$(TARGET_NAME)";
				SWIFT_VERSION = 5.0;
				TARGETED_DEVICE_FAMILY = "1,2";
				TEST_TARGET_NAME = Flix;
			};
			name = Debug;
		};
		25761B4226FA52D500E8C784 /* Release */ = {
			isa = XCBuildConfiguration;
			buildSettings = {
				ALWAYS_EMBED_SWIFT_STANDARD_LIBRARIES = YES;
				CODE_SIGN_STYLE = Automatic;
				DEVELOPMENT_TEAM = 44WS9DF88G;
				INFOPLIST_FILE = FlixUITests/Info.plist;
				LD_RUNPATH_SEARCH_PATHS = (
					"$(inherited)",
					"@executable_path/Frameworks",
					"@loader_path/Frameworks",
				);
				PRODUCT_BUNDLE_IDENTIFIER = com.Castanomorenoj.FlixUITests;
				PRODUCT_NAME = "$(TARGET_NAME)";
				SWIFT_VERSION = 5.0;
				TARGETED_DEVICE_FAMILY = "1,2";
				TEST_TARGET_NAME = Flix;
			};
			name = Release;
		};
/* End XCBuildConfiguration section */

/* Begin XCConfigurationList section */
		25761B0B26FA52D400E8C784 /* Build configuration list for PBXProject "Flix" */ = {
			isa = XCConfigurationList;
			buildConfigurations = (
				25761B3826FA52D500E8C784 /* Debug */,
				25761B3926FA52D500E8C784 /* Release */,
			);
			defaultConfigurationIsVisible = 0;
			defaultConfigurationName = Release;
		};
		25761B3A26FA52D500E8C784 /* Build configuration list for PBXNativeTarget "Flix" */ = {
			isa = XCConfigurationList;
			buildConfigurations = (
				25761B3B26FA52D500E8C784 /* Debug */,
				25761B3C26FA52D500E8C784 /* Release */,
			);
			defaultConfigurationIsVisible = 0;
			defaultConfigurationName = Release;
		};
		25761B3D26FA52D500E8C784 /* Build configuration list for PBXNativeTarget "FlixTests" */ = {
			isa = XCConfigurationList;
			buildConfigurations = (
				25761B3E26FA52D500E8C784 /* Debug */,
				25761B3F26FA52D500E8C784 /* Release */,
			);
			defaultConfigurationIsVisible = 0;
			defaultConfigurationName = Release;
		};
		25761B4026FA52D500E8C784 /* Build configuration list for PBXNativeTarget "FlixUITests" */ = {
			isa = XCConfigurationList;
			buildConfigurations = (
				25761B4126FA52D500E8C784 /* Debug */,
				25761B4226FA52D500E8C784 /* Release */,
			);
			defaultConfigurationIsVisible = 0;
			defaultConfigurationName = Release;
		};
/* End XCConfigurationList section */
	};
	rootObject = 25761B0826FA52D400E8C784 /* Project object */;
}
